
Microsoft Visual Studio Solution File, Format Version 11.00
# Visual Studio 2010
Project("{FAE04EC0-301F-11D3-BF4B-00C04F79EFBC}") = "Assembly-CSharp", "Assembly-CSharp.csproj", "{db37c166-5ac3-44f1-a92a-3f18c6388c81}"
EndProject
Project("{FAE04EC0-301F-11D3-BF4B-00C04F79EFBC}") = "Assembly-CSharp-Editor", "Assembly-CSharp-Editor.csproj", "{780d088a-3b5e-9a20-e67b-da13c00512c7}"
EndProject
Global
	GlobalSection(SolutionConfigurationPlatforms) = preSolution
		Debug|Any CPU = Debug|Any CPU
	EndGlobalSection
	GlobalSection(ProjectConfigurationPlatforms) = postSolution
		{db37c166-5ac3-44f1-a92a-3f18c6388c81}.Debug|Any CPU.ActiveCfg = Debug|Any CPU
		{db37c166-5ac3-44f1-a92a-3f18c6388c81}.Debug|Any CPU.Build.0 = Debug|Any CPU
		{780d088a-3b5e-9a20-e67b-da13c00512c7}.Debug|Any CPU.ActiveCfg = Debug|Any CPU
		{780d088a-3b5e-9a20-e67b-da13c00512c7}.Debug|Any CPU.Build.0 = Debug|Any CPU
	EndGlobalSection
	GlobalSection(SolutionProperties) = preSolution
		HideSolutionNode = FALSE
	EndGlobalSection
EndGlobal
